
Microsoft Visual Studio Solution File, Format Version 12.00
# Visual Studio Version 16
VisualStudioVersion = 16.0.31624.102
MinimumVisualStudioVersion = 10.0.40219.1
Project("{FAE04EC0-301F-11D3-BF4B-00C04F79EFBC}") = "SalesWebMvc", "SalesWebMvc.csproj", "{CA7232FC-DA00-4E3A-8EAA-99E894E94EAD}"
EndProject
Global
	GlobalSection(SolutionConfigurationPlatforms) = preSolution
		Debug|Any CPU = Debug|Any CPU
		Release|Any CPU = Release|Any CPU
	EndGlobalSection
	GlobalSection(ProjectConfigurationPlatforms) = postSolution
		{CA7232FC-DA00-4E3A-8EAA-99E894E94EAD}.Debug|Any CPU.ActiveCfg = Debug|Any CPU
		{CA7232FC-DA00-4E3A-8EAA-99E894E94EAD}.Debug|Any CPU.Build.0 = Debug|Any CPU
		{CA7232FC-DA00-4E3A-8EAA-99E894E94EAD}.Release|Any CPU.ActiveCfg = Release|Any CPU
		{CA7232FC-DA00-4E3A-8EAA-99E894E94EAD}.Release|Any CPU.Build.0 = Release|Any CPU
	EndGlobalSection
	GlobalSection(SolutionProperties) = preSolution
		HideSolutionNode = FALSE
	EndGlobalSection
	GlobalSection(ExtensibilityGlobals) = postSolution
		SolutionGuid = {AB1B5E37-2429-45F2-9BC5-B563F29F9334}
	EndGlobalSection
EndGlobal
